# generated by rye
# use `rye lock` or `rye sync` to update this lockfile
#
# last locked with the following flags:
#   pre: false
#   features: []
#   all-features: false
#   with-sources: false

-e file:.
blurhash==1.1.4
certifi==2023.11.17
charset-normalizer==3.3.2
decorator==5.1.1
idna==3.6
mastodon-py==1.8.1
mypy==1.8.0
mypy-extensions==1.0.0
python-dateutil==2.8.2
python-magic==0.4.27
requests==2.31.0
ruff==0.1.14
six==1.16.0
types-requests==2.31.0.20240125
typing-extensions==4.9.0
urllib3==2.1.0
